
Microsoft Visual Studio Solution File, Format Version 12.00
# Visual Studio Version 16
VisualStudioVersion = 16.0.30011.22
MinimumVisualStudioVersion = 10.0.40219.1
Project("{FAE04EC0-301F-11D3-BF4B-00C04F79EFBC}") = "Trivia Client", "Trivia Client\Trivia Client.csproj", "{1A5451F3-0D6C-4CAA-8CA0-133591C38CE7}"
EndProject
Global
	GlobalSection(SolutionConfigurationPlatforms) = preSolution
		Debug|Any CPU = Debug|Any CPU
		Release|Any CPU = Release|Any CPU
	EndGlobalSection
	GlobalSection(ProjectConfigurationPlatforms) = postSolution
		{1A5451F3-0D6C-4CAA-8CA0-133591C38CE7}.Debug|Any CPU.ActiveCfg = Debug|Any CPU
		{1A5451F3-0D6C-4CAA-8CA0-133591C38CE7}.Debug|Any CPU.Build.0 = Debug|Any CPU
		{1A5451F3-0D6C-4CAA-8CA0-133591C38CE7}.Release|Any CPU.ActiveCfg = Release|Any CPU
		{1A5451F3-0D6C-4CAA-8CA0-133591C38CE7}.Release|Any CPU.Build.0 = Release|Any CPU
	EndGlobalSection
	GlobalSection(SolutionProperties) = preSolution
		HideSolutionNode = FALSE
	EndGlobalSection
	GlobalSection(ExtensibilityGlobals) = postSolution
		SolutionGuid = {61BFC5EA-E3A4-4C8C-9D8A-2020417A7A67}
	EndGlobalSection
EndGlobal
